
Microsoft Visual Studio Solution File, Format Version 12.00
# Visual Studio Version 17
VisualStudioVersion = 17.12.35527.113
MinimumVisualStudioVersion = 10.0.40219.1
Project("{FAE04EC0-301F-11D3-BF4B-00C04F79EFBC}") = "DomainTables", "DomainTables\DomainTables.csproj", "{F908E569-EB50-404B-833D-3EC314514DE7}"
EndProject
Project("{FAE04EC0-301F-11D3-BF4B-00C04F79EFBC}") = "DataAccessLayer", "DataAccessLayer\DataAccessLayer.csproj", "{CC10D293-2B7D-41C7-B969-796CA60A09E3}"
EndProject
Project("{FAE04EC0-301F-11D3-BF4B-00C04F79EFBC}") = "DataAccessLayer.Tests", "DataAccessLayer.Tests\DataAccessLayer.Tests.csproj", "{34027BA3-CAB4-4F76-A29C-C3F49672073F}"
EndProject
Project("{FAE04EC0-301F-11D3-BF4B-00C04F79EFBC}") = "LibraryApi", "LibraryApi\LibraryApi.csproj", "{4BBB50E5-178C-44BF-9C2C-CDC1A3ACB231}"
EndProject
Project("{FAE04EC0-301F-11D3-BF4B-00C04F79EFBC}") = "LibraryApi.Tests", "LibraryApi.Tests\LibraryApi.Tests.csproj", "{69CDB994-E481-41BC-BDE7-5D74DF89593A}"
EndProject
Project("{FAE04EC0-301F-11D3-BF4B-00C04F79EFBC}") = "LibraryClient", "LibraryClient\LibraryClient.csproj", "{FD4EF043-F898-4966-93BA-00BF50B0802E}"
EndProject
Global
	GlobalSection(SolutionConfigurationPlatforms) = preSolution
		Debug|Any CPU = Debug|Any CPU
		Release|Any CPU = Release|Any CPU
	EndGlobalSection
	GlobalSection(ProjectConfigurationPlatforms) = postSolution
		{F908E569-EB50-404B-833D-3EC314514DE7}.Debug|Any CPU.ActiveCfg = Debug|Any CPU
		{F908E569-EB50-404B-833D-3EC314514DE7}.Debug|Any CPU.Build.0 = Debug|Any CPU
		{F908E569-EB50-404B-833D-3EC314514DE7}.Release|Any CPU.ActiveCfg = Release|Any CPU
		{F908E569-EB50-404B-833D-3EC314514DE7}.Release|Any CPU.Build.0 = Release|Any CPU
		{CC10D293-2B7D-41C7-B969-796CA60A09E3}.Debug|Any CPU.ActiveCfg = Debug|Any CPU
		{CC10D293-2B7D-41C7-B969-796CA60A09E3}.Debug|Any CPU.Build.0 = Debug|Any CPU
		{CC10D293-2B7D-41C7-B969-796CA60A09E3}.Release|Any CPU.ActiveCfg = Release|Any CPU
		{CC10D293-2B7D-41C7-B969-796CA60A09E3}.Release|Any CPU.Build.0 = Release|Any CPU
		{34027BA3-CAB4-4F76-A29C-C3F49672073F}.Debug|Any CPU.ActiveCfg = Debug|Any CPU
		{34027BA3-CAB4-4F76-A29C-C3F49672073F}.Debug|Any CPU.Build.0 = Debug|Any CPU
		{34027BA3-CAB4-4F76-A29C-C3F49672073F}.Release|Any CPU.ActiveCfg = Release|Any CPU
		{34027BA3-CAB4-4F76-A29C-C3F49672073F}.Release|Any CPU.Build.0 = Release|Any CPU
		{4BBB50E5-178C-44BF-9C2C-CDC1A3ACB231}.Debug|Any CPU.ActiveCfg = Debug|Any CPU
		{4BBB50E5-178C-44BF-9C2C-CDC1A3ACB231}.Debug|Any CPU.Build.0 = Debug|Any CPU
		{4BBB50E5-178C-44BF-9C2C-CDC1A3ACB231}.Release|Any CPU.ActiveCfg = Release|Any CPU
		{4BBB50E5-178C-44BF-9C2C-CDC1A3ACB231}.Release|Any CPU.Build.0 = Release|Any CPU
		{69CDB994-E481-41BC-BDE7-5D74DF89593A}.Debug|Any CPU.ActiveCfg = Debug|Any CPU
		{69CDB994-E481-41BC-BDE7-5D74DF89593A}.Debug|Any CPU.Build.0 = Debug|Any CPU
		{69CDB994-E481-41BC-BDE7-5D74DF89593A}.Release|Any CPU.ActiveCfg = Release|Any CPU
		{69CDB994-E481-41BC-BDE7-5D74DF89593A}.Release|Any CPU.Build.0 = Release|Any CPU
		{FD4EF043-F898-4966-93BA-00BF50B0802E}.Debug|Any CPU.ActiveCfg = Debug|Any CPU
		{FD4EF043-F898-4966-93BA-00BF50B0802E}.Debug|Any CPU.Build.0 = Debug|Any CPU
		{FD4EF043-F898-4966-93BA-00BF50B0802E}.Release|Any CPU.ActiveCfg = Release|Any CPU
		{FD4EF043-F898-4966-93BA-00BF50B0802E}.Release|Any CPU.Build.0 = Release|Any CPU
	EndGlobalSection
	GlobalSection(SolutionProperties) = preSolution
		HideSolutionNode = FALSE
	EndGlobalSection
EndGlobal
